
Microsoft Visual Studio Solution File, Format Version 12.00
Project("{FAE04EC0-301F-11D3-BF4B-00C04F79EFBC}") = "PtcApi", "PtcApi.csproj", "{0F571405-D6D6-4F99-9D68-B46587EB48CF}"
EndProject
Global
	GlobalSection(SolutionConfigurationPlatforms) = preSolution
		Debug|Any CPU = Debug|Any CPU
		Release|Any CPU = Release|Any CPU
	EndGlobalSection
	GlobalSection(ProjectConfigurationPlatforms) = postSolution
		{0F571405-D6D6-4F99-9D68-B46587EB48CF}.Debug|Any CPU.ActiveCfg = Debug|Any CPU
		{0F571405-D6D6-4F99-9D68-B46587EB48CF}.Debug|Any CPU.Build.0 = Debug|Any CPU
		{0F571405-D6D6-4F99-9D68-B46587EB48CF}.Release|Any CPU.ActiveCfg = Release|Any CPU
		{0F571405-D6D6-4F99-9D68-B46587EB48CF}.Release|Any CPU.Build.0 = Release|Any CPU
	EndGlobalSection
EndGlobal
